
Microsoft Visual Studio Solution File, Format Version 12.00
# Visual Studio Version 17
VisualStudioVersion = 17.9.34407.89
MinimumVisualStudioVersion = 10.0.40219.1
Project("{9A19103F-16F7-4668-BE54-9A1E7A4F7556}") = "Microsoft.Azure.Cosmos.Samples.Bulk.FromExcel", "Microsoft.Azure.Cosmos.Samples.Bulk.FromExcel.csproj", "{B641DFA3-8FBB-4BFB-887B-007AF1DFBC38}"
EndProject
Global
	GlobalSection(SolutionConfigurationPlatforms) = preSolution
		Debug|Any CPU = Debug|Any CPU
		Release|Any CPU = Release|Any CPU
	EndGlobalSection
	GlobalSection(ProjectConfigurationPlatforms) = postSolution
		{B641DFA3-8FBB-4BFB-887B-007AF1DFBC38}.Debug|Any CPU.ActiveCfg = Debug|Any CPU
		{B641DFA3-8FBB-4BFB-887B-007AF1DFBC38}.Debug|Any CPU.Build.0 = Debug|Any CPU
		{B641DFA3-8FBB-4BFB-887B-007AF1DFBC38}.Release|Any CPU.ActiveCfg = Release|Any CPU
		{B641DFA3-8FBB-4BFB-887B-007AF1DFBC38}.Release|Any CPU.Build.0 = Release|Any CPU
	EndGlobalSection
	GlobalSection(SolutionProperties) = preSolution
		HideSolutionNode = FALSE
	EndGlobalSection
	GlobalSection(ExtensibilityGlobals) = postSolution
		SolutionGuid = {62A2B931-54D2-4D6C-8492-114F02C3135F}
	EndGlobalSection
EndGlobal
